{
  "version": "4",
  "specifiers": {
    "jsr:@std/assert@~0.218.2": "0.218.2",
    "jsr:@std/fmt@~0.218.2": "0.218.2",
    "npm:@octokit/openapi-types@*": "23.0.1",
    "npm:@octokit/rest@*": "21.1.0_@octokit+core@6.1.3",
    "npm:@types/node@*": "22.5.4"
  },
  "jsr": {
    "@std/assert@0.218.2": {
      "integrity": "7f0a5a1a8cf86607cd6c2c030584096e1ffad27fc9271429a8cb48cfbdee5eaf",
      "dependencies": [
        "jsr:@std/fmt"
      ]
    },
    "@std/fmt@0.218.2": {
      "integrity": "99526449d2505aa758b6cbef81e7dd471d8b28ec0dcb1491d122b284c548788a"
    }
  },
  "npm": {
    "@octokit/auth-token@5.1.2": {
      "integrity": "sha512-JcQDsBdg49Yky2w2ld20IHAlwr8d/d8N6NiOXbtuoPCqzbsiJgF633mVUw3x4mo0H5ypataQIX7SFu3yy44Mpw=="
    },
    "@octokit/core@6.1.3": {
      "integrity": "sha512-z+j7DixNnfpdToYsOutStDgeRzJSMnbj8T1C/oQjB6Aa+kRfNjs/Fn7W6c8bmlt6mfy3FkgeKBRnDjxQow5dow==",
      "dependencies": [
        "@octokit/auth-token",
        "@octokit/graphql",
        "@octokit/request",
        "@octokit/request-error",
        "@octokit/types",
        "before-after-hook",
        "universal-user-agent"
      ]
    },
    "@octokit/endpoint@10.1.2": {
      "integrity": "sha512-XybpFv9Ms4hX5OCHMZqyODYqGTZ3H6K6Vva+M9LR7ib/xr1y1ZnlChYv9H680y77Vd/i/k+thXApeRASBQkzhA==",
      "dependencies": [
        "@octokit/types",
        "universal-user-agent"
      ]
    },
    "@octokit/graphql@8.2.0": {
      "integrity": "sha512-gejfDywEml/45SqbWTWrhfwvLBrcGYhOn50sPOjIeVvH6i7D16/9xcFA8dAJNp2HMcd+g4vru41g4E2RBiZvfQ==",
      "dependencies": [
        "@octokit/request",
        "@octokit/types",
        "universal-user-agent"
      ]
    },
    "@octokit/openapi-types@23.0.1": {
      "integrity": "sha512-izFjMJ1sir0jn0ldEKhZ7xegCTj/ObmEDlEfpFrx4k/JyZSMRHbO3/rBwgE7f3m2DHt+RrNGIVw4wSmwnm3t/g=="
    },
    "@octokit/plugin-paginate-rest@11.4.0_@octokit+core@6.1.3": {
      "integrity": "sha512-ttpGck5AYWkwMkMazNCZMqxKqIq1fJBNxBfsFwwfyYKTf914jKkLF0POMS3YkPBwp5g1c2Y4L79gDz01GhSr1g==",
      "dependencies": [
        "@octokit/core",
        "@octokit/types"
      ]
    },
    "@octokit/plugin-request-log@5.3.1_@octokit+core@6.1.3": {
      "integrity": "sha512-n/lNeCtq+9ofhC15xzmJCNKP2BWTv8Ih2TTy+jatNCCq/gQP/V7rK3fjIfuz0pDWDALO/o/4QY4hyOF6TQQFUw==",
      "dependencies": [
        "@octokit/core"
      ]
    },
    "@octokit/plugin-rest-endpoint-methods@13.3.1_@octokit+core@6.1.3": {
      "integrity": "sha512-o8uOBdsyR+WR8MK9Cco8dCgvG13H1RlM1nWnK/W7TEACQBFux/vPREgKucxUfuDQ5yi1T3hGf4C5ZmZXAERgwQ==",
      "dependencies": [
        "@octokit/core",
        "@octokit/types"
      ]
    },
    "@octokit/request-error@6.1.6": {
      "integrity": "sha512-pqnVKYo/at0NuOjinrgcQYpEbv4snvP3bKMRqHaD9kIsk9u1LCpb2smHZi8/qJfgeNqLo5hNW4Z7FezNdEo0xg==",
      "dependencies": [
        "@octokit/types"
      ]
    },
    "@octokit/request@9.2.0": {
      "integrity": "sha512-kXLfcxhC4ozCnAXy2ff+cSxpcF0A1UqxjvYMqNuPIeOAzJbVWQ+dy5G2fTylofB/gTbObT8O6JORab+5XtA1Kw==",
      "dependencies": [
        "@octokit/endpoint",
        "@octokit/request-error",
        "@octokit/types",
        "fast-content-type-parse",
        "universal-user-agent"
      ]
    },
    "@octokit/rest@21.1.0_@octokit+core@6.1.3": {
      "integrity": "sha512-93iLxcKDJboUpmnUyeJ6cRIi7z7cqTZT1K7kRK4LobGxwTwpsa+2tQQbRQNGy7IFDEAmrtkf4F4wBj3D5rVlJQ==",
      "dependencies": [
        "@octokit/core",
        "@octokit/plugin-paginate-rest",
        "@octokit/plugin-request-log",
        "@octokit/plugin-rest-endpoint-methods"
      ]
    },
    "@octokit/types@13.8.0": {
      "integrity": "sha512-x7DjTIbEpEWXK99DMd01QfWy0hd5h4EN+Q7shkdKds3otGQP+oWE/y0A76i1OvH9fygo4ddvNf7ZvF0t78P98A==",
      "dependencies": [
        "@octokit/openapi-types"
      ]
    },
    "@types/node@22.5.4": {
      "integrity": "sha512-FDuKUJQm/ju9fT/SeX/6+gBzoPzlVCzfzmGkwKvRHQVxi4BntVbyIwf6a4Xn62mrvndLiml6z/UBXIdEVjQLXg==",
      "dependencies": [
        "undici-types"
      ]
    },
    "before-after-hook@3.0.2": {
      "integrity": "sha512-Nik3Sc0ncrMK4UUdXQmAnRtzmNQTAAXmXIopizwZ1W1t8QmfJj+zL4OA2I7XPTPW5z5TDqv4hRo/JzouDJnX3A=="
    },
    "fast-content-type-parse@2.0.1": {
      "integrity": "sha512-nGqtvLrj5w0naR6tDPfB4cUmYCqouzyQiz6C5y/LtcDllJdrcc6WaWW6iXyIIOErTa/XRybj28aasdn4LkVk6Q=="
    },
    "undici-types@6.19.8": {
      "integrity": "sha512-ve2KP6f/JnbPBFyobGHuerC9g1FYGn/F8n1LWTwNxCEzd6IfqTwUQcNXgEtmmQ6DlRrC1hrSrBnCZPokRrDHjw=="
    },
    "universal-user-agent@7.0.2": {
      "integrity": "sha512-0JCqzSKnStlRRQfCdowvqy3cy0Dvtlb8xecj/H8JFZuCze4rwjPZQOgvFvn0Ws/usCHQFGpyr+pB9adaGwXn4Q=="
    }
  },
  "redirects": {
    "https://deno.land/std/dotenv/mod.ts": "https://deno.land/std@0.224.0/dotenv/mod.ts",
    "https://esm.sh/@octokit/app@^15.1.2?target=denonext": "https://esm.sh/@octokit/app@15.1.2?target=denonext",
    "https://esm.sh/@octokit/auth-app@^7.1.4?target=denonext": "https://esm.sh/@octokit/auth-app@7.1.4?target=denonext",
    "https://esm.sh/@octokit/auth-oauth-app@^8.1.2?target=denonext": "https://esm.sh/@octokit/auth-oauth-app@8.1.2?target=denonext",
    "https://esm.sh/@octokit/auth-oauth-device@^7.1.2?target=denonext": "https://esm.sh/@octokit/auth-oauth-device@7.1.2?target=denonext",
    "https://esm.sh/@octokit/auth-oauth-user@^5.1.2?target=denonext": "https://esm.sh/@octokit/auth-oauth-user@5.1.2?target=denonext",
    "https://esm.sh/@octokit/auth-token@^5.0.0?target=denonext": "https://esm.sh/@octokit/auth-token@5.1.1?target=denonext",
    "https://esm.sh/@octokit/auth-unauthenticated@^6.1.1?target=denonext": "https://esm.sh/@octokit/auth-unauthenticated@6.1.1?target=denonext",
    "https://esm.sh/@octokit/core@^6.1.3?target=denonext": "https://esm.sh/@octokit/core@6.1.3?target=denonext",
    "https://esm.sh/@octokit/endpoint@^10.0.0?target=denonext": "https://esm.sh/@octokit/endpoint@10.1.2?target=denonext",
    "https://esm.sh/@octokit/graphql@^8.1.2?target=denonext": "https://esm.sh/@octokit/graphql@8.1.2?target=denonext",
    "https://esm.sh/@octokit/oauth-app@^7.1.4?target=denonext": "https://esm.sh/@octokit/oauth-app@7.1.5?target=denonext",
    "https://esm.sh/@octokit/oauth-app@^7.1.5?target=denonext": "https://esm.sh/@octokit/oauth-app@7.1.5?target=denonext",
    "https://esm.sh/@octokit/oauth-authorization-url@^7.0.0?target=denonext": "https://esm.sh/@octokit/oauth-authorization-url@7.1.1?target=denonext",
    "https://esm.sh/@octokit/oauth-methods@^5.1.2?target=denonext": "https://esm.sh/@octokit/oauth-methods@5.1.3?target=denonext",
    "https://esm.sh/@octokit/oauth-methods@^5.1.3?target=denonext": "https://esm.sh/@octokit/oauth-methods@5.1.3?target=denonext",
    "https://esm.sh/@octokit/plugin-paginate-graphql@^5.2.4?target=denonext": "https://esm.sh/@octokit/plugin-paginate-graphql@5.2.4?target=denonext",
    "https://esm.sh/@octokit/plugin-paginate-rest@^11.3.6?target=denonext": "https://esm.sh/@octokit/plugin-paginate-rest@11.4.0?target=denonext",
    "https://esm.sh/@octokit/plugin-paginate-rest@^11.4.0?target=denonext": "https://esm.sh/@octokit/plugin-paginate-rest@11.4.0?target=denonext",
    "https://esm.sh/@octokit/plugin-rest-endpoint-methods@^13.3.0?target=denonext": "https://esm.sh/@octokit/plugin-rest-endpoint-methods@13.3.0?target=denonext",
    "https://esm.sh/@octokit/plugin-retry@^7.1.3?target=denonext": "https://esm.sh/@octokit/plugin-retry@7.1.3?target=denonext",
    "https://esm.sh/@octokit/plugin-throttling@^9.4.0?target=denonext": "https://esm.sh/@octokit/plugin-throttling@9.4.0?target=denonext",
    "https://esm.sh/@octokit/request-error@^6.0.1?target=denonext": "https://esm.sh/@octokit/request-error@6.1.6?target=denonext",
    "https://esm.sh/@octokit/request-error@^6.1.6?target=denonext": "https://esm.sh/@octokit/request-error@6.1.6?target=denonext",
    "https://esm.sh/@octokit/request@^9.1.4?target=denonext": "https://esm.sh/@octokit/request@9.2.0?target=denonext",
    "https://esm.sh/@octokit/webhooks-methods@^5.0.0?target=denonext": "https://esm.sh/@octokit/webhooks-methods@5.1.0?target=denonext",
    "https://esm.sh/@octokit/webhooks@^13.4.2?target=denonext": "https://esm.sh/@octokit/webhooks@13.4.2?target=denonext",
    "https://esm.sh/before-after-hook@^3.0.2?target=denonext": "https://esm.sh/before-after-hook@3.0.2?target=denonext",
    "https://esm.sh/bottleneck@^2.15.3/light?target=denonext": "https://esm.sh/bottleneck@2.19.5/light?target=denonext",
    "https://esm.sh/fast-content-type-parse@^2.0.0?target=denonext": "https://esm.sh/fast-content-type-parse@2.0.1?target=denonext",
    "https://esm.sh/octokit?dts": "https://esm.sh/octokit@4.1.0?dts",
    "https://esm.sh/toad-cache@^3.7.0?target=denonext": "https://esm.sh/toad-cache@3.7.0?target=denonext",
    "https://esm.sh/universal-github-app-jwt@^2.2.0?target=denonext": "https://esm.sh/universal-github-app-jwt@2.2.0?target=denonext",
    "https://esm.sh/universal-user-agent@^7.0.0?target=denonext": "https://esm.sh/universal-user-agent@7.0.2?target=denonext",
    "https://esm.sh/universal-user-agent@^7.0.2?target=denonext": "https://esm.sh/universal-user-agent@7.0.2?target=denonext"
  },
  "remote": {
    "https://deno.land/std@0.224.0/dotenv/mod.ts": "0180eaeedaaf88647318811cdaa418cc64dc51fb08354f91f5f480d0a1309f7d",
    "https://deno.land/std@0.224.0/dotenv/parse.ts": "09977ff88dfd1f24f9973a338f0f91bbdb9307eb5ff6085446e7c423e4c7ba0c",
    "https://deno.land/std@0.224.0/dotenv/stringify.ts": "275da322c409170160440836342eaa7cf012a1d11a7e700d8ca4e7f2f8aa4615",
    "https://esm.sh/@octokit/app@15.1.2/denonext/app.mjs": "21c4fdfecfc4540b17c21b3c0cf1e0a5c7eb55bab034978af33d7dd7a06ab4ab",
    "https://esm.sh/@octokit/app@15.1.2?target=denonext": "51ad31b108532bc255a43647574518580d5e95d5ad7a968df7bb477b71b59e79",
    "https://esm.sh/@octokit/auth-app@7.1.4/denonext/auth-app.mjs": "c2c8bc96d4760e5a0af7535c1aa669ebc8b490764b575d8113632515f11760c6",
    "https://esm.sh/@octokit/auth-app@7.1.4?target=denonext": "a4632ee3c6af2cfde6e6249c13d5d7706575649ac570389f6117bd37eab0b523",
    "https://esm.sh/@octokit/auth-oauth-app@8.1.2/denonext/auth-oauth-app.mjs": "1803a9d024ec1d9b53c9fdc5d386d05990ee6b6715d2ad79619f8452fd9d5d13",
    "https://esm.sh/@octokit/auth-oauth-app@8.1.2?target=denonext": "8c48ca11c1b9e2d08c56555fa61b13cb5050366b3e0412ceb19a1e314f355015",
    "https://esm.sh/@octokit/auth-oauth-device@7.1.2/denonext/auth-oauth-device.mjs": "24ac890f2a933a5532ea37f9e94b1185c24dfd163339300fce36a132f2ccd6d3",
    "https://esm.sh/@octokit/auth-oauth-device@7.1.2?target=denonext": "f2d03bf3a4208a0cabd8e4b85c98d633f857678e811bf6de4429d1d9439da0eb",
    "https://esm.sh/@octokit/auth-oauth-user@5.1.2/denonext/auth-oauth-user.mjs": "4f1ce58465e50c7f79d58794976da1853f9785bf5434b19d81a50c400a9ed858",
    "https://esm.sh/@octokit/auth-oauth-user@5.1.2?target=denonext": "54d806f7a2b19086b880d27cbbf863985c9f9f26914c031a99ad849a85cdbcbe",
    "https://esm.sh/@octokit/auth-token@5.1.1/denonext/auth-token.mjs": "6de786cae8a6f04dbc25bd101630161afeba78ef79547bc422901549785e44de",
    "https://esm.sh/@octokit/auth-token@5.1.1?target=denonext": "f91f2a94f34c49532f5dfba244c33f57983ea74d5fdb61de892b9de86c49eec8",
    "https://esm.sh/@octokit/auth-unauthenticated@6.1.1/denonext/auth-unauthenticated.mjs": "1cd86628013b6444922993cd740ed0a327dd220ac465595ccad05de8fb2f80f8",
    "https://esm.sh/@octokit/auth-unauthenticated@6.1.1?target=denonext": "a00a18f165e48e1d98e6d5e4266aee4a0bde051b7342c54ebd838d2547538ae4",
    "https://esm.sh/@octokit/core@6.1.3/denonext/core.mjs": "27711bac5522d962bca6513035a3ab2e55c001f49e050175bb67bbedd4049535",
    "https://esm.sh/@octokit/core@6.1.3?target=denonext": "48e4022a4e8ae6df3eec7b9028bfc452b113f1746c81737861b06d44c6791f03",
    "https://esm.sh/@octokit/endpoint@10.1.2/denonext/endpoint.mjs": "10aa9cb55330d89ef4392f710c7f1132b30d3018d1a548af90d50837ad8d8640",
    "https://esm.sh/@octokit/endpoint@10.1.2?target=denonext": "e44433015f71eb9ebf694f7e66880a96505b503e0d6f172c63267259cf7810e7",
    "https://esm.sh/@octokit/graphql@8.1.2/denonext/graphql.mjs": "b49f9a77cbb6b5f46584b35e2b4a6bd8120760b7b1977c3c8a8fd36d6e3303d3",
    "https://esm.sh/@octokit/graphql@8.1.2?target=denonext": "d123708beaf70d1ae37823ab97ec590c318efbb0270e42d4ba4b4268f55accd4",
    "https://esm.sh/@octokit/oauth-app@7.1.5/denonext/oauth-app.mjs": "946907b1ce34610a973305985d4861e2377b83cb463dcd1724ffb917af8188c9",
    "https://esm.sh/@octokit/oauth-app@7.1.5?target=denonext": "373b5044d98bccffa8aa0dc180c9f013a5e6ae95eba0b4481feb7204458d4c1b",
    "https://esm.sh/@octokit/oauth-authorization-url@7.1.1/denonext/oauth-authorization-url.mjs": "209de15074485c12e6bffaed0f33d857c789df4a577b19ddbd78caa9646b77dc",
    "https://esm.sh/@octokit/oauth-authorization-url@7.1.1?target=denonext": "fdaed10ede57c5e5a3ae67b487331336916d5401d366bed1425515e104b95de1",
    "https://esm.sh/@octokit/oauth-methods@5.1.3/denonext/oauth-methods.mjs": "9043d6ed33f54207cab9966eb6f984f87e62c5c4ed3e019aa3b28d02ea738eac",
    "https://esm.sh/@octokit/oauth-methods@5.1.3?target=denonext": "d185bf52b6cd01f4d13fcf25ca7bce03e8534b06835c0ad6783366c6676311a6",
    "https://esm.sh/@octokit/plugin-paginate-graphql@5.2.4/denonext/plugin-paginate-graphql.mjs": "a2b0869cb5eb1e14516d1d2ba227e2b968afe05ed9b3895f005ac196e7b5c5a1",
    "https://esm.sh/@octokit/plugin-paginate-graphql@5.2.4?target=denonext": "1512bade9daddb1ffe8fc46693db5dd3df429d51264e6848e3de3ea0cd16bc61",
    "https://esm.sh/@octokit/plugin-paginate-rest@11.4.0/denonext/plugin-paginate-rest.mjs": "3bb02e7f514dee857103ceb9d922621bed80115bfe0fb1d7197a7a7cd44cfa6f",
    "https://esm.sh/@octokit/plugin-paginate-rest@11.4.0?target=denonext": "b4e0d949bdd6a34257cddde0262ca67e82a158aba5bbfeb00f54e6939770c17b",
    "https://esm.sh/@octokit/plugin-rest-endpoint-methods@13.3.0/denonext/plugin-rest-endpoint-methods.mjs": "8254da50e1460596143fb2d49314f97fc0b9bae60d0259594c3a6b98bca5c266",
    "https://esm.sh/@octokit/plugin-rest-endpoint-methods@13.3.0?target=denonext": "b54fb93130dea1a56de1d434e6c900793ab05281c0086129cbd60411a07039bd",
    "https://esm.sh/@octokit/plugin-retry@7.1.3/denonext/plugin-retry.mjs": "b55a731984d30e256309ef0ad6eca64d34ea4cc61c747f711b7c45b0e4e1b086",
    "https://esm.sh/@octokit/plugin-retry@7.1.3?target=denonext": "5f0e94e59f4a593ef911c8c10796a73d9ef5289505c129a647f90fdf3405d833",
    "https://esm.sh/@octokit/plugin-throttling@9.4.0/denonext/plugin-throttling.mjs": "50c4a67edc2bba79d81f5ea8966175a3acffbffe3403b5815da172e0c12ab686",
    "https://esm.sh/@octokit/plugin-throttling@9.4.0?target=denonext": "d40a7eb26c4897bb17e4cddd341a25f85ea0607798d5ee3e48014693f07e98b5",
    "https://esm.sh/@octokit/request-error@6.1.6/denonext/request-error.mjs": "a3bb74761fbdc7b1fbc406f0a2ace10f82f64706ffc9596a90badef765414c5e",
    "https://esm.sh/@octokit/request-error@6.1.6?target=denonext": "bfebd513aea83d3df72e2f0b70f9e2dcd7aafed463c095f7388ca3dd10621e7d",
    "https://esm.sh/@octokit/request@9.2.0/denonext/request.mjs": "662411deed3a6c54a960c802b24795bc8ce65649e0a941ba848fa6f68e7d0070",
    "https://esm.sh/@octokit/request@9.2.0?target=denonext": "550f4054c2e0eba7174dd21aa9117e6934f3bb3d3b3c43f6d4a1471cef3a04d9",
    "https://esm.sh/@octokit/webhooks-methods@5.1.0/denonext/webhooks-methods.mjs": "fdaefa3e104afcf645fb3a35a1bb557c31e7d069342f1518df72fd5662c28932",
    "https://esm.sh/@octokit/webhooks-methods@5.1.0?target=denonext": "5a77eef071b9134be9a6ed9358b553195aae275b36e7b7e7c146f0b90d1baa92",
    "https://esm.sh/@octokit/webhooks@13.4.2/denonext/webhooks.mjs": "b7b30de4b13652e6002c924710b555217fa0aa426acd3fc761b0f35fbdaf626a",
    "https://esm.sh/@octokit/webhooks@13.4.2?target=denonext": "872ca15a542b8f1365f064aefb1de3cc5c3fe8cbbe725c4692333f3cf557d3f7",
    "https://esm.sh/before-after-hook@3.0.2/denonext/before-after-hook.mjs": "1a862839e15e4816de946c11023cbec3cb1d276e3a86073adfaac9dca6871aca",
    "https://esm.sh/before-after-hook@3.0.2?target=denonext": "923592fc40b4609eac335800f88c890d81c5f5f12e0b22fd8fd0646313c634f7",
    "https://esm.sh/bottleneck@2.19.5/denonext/light.mjs": "943b72d08b33e678a4f64bf2ce9a0468f9356ee65092af9c893fa25d3be6518b",
    "https://esm.sh/bottleneck@2.19.5/light?target=denonext": "c53ee9007926e5a49e291e0a0f2e1113735d65271a33eb609ac9ad309def4878",
    "https://esm.sh/fast-content-type-parse@2.0.1/denonext/fast-content-type-parse.mjs": "436d0ff6ce4508efcb9023892d25cc9d7eb321e9321a0d3aaf870300dc2e8578",
    "https://esm.sh/fast-content-type-parse@2.0.1?target=denonext": "7170ebd0186887d73afc67050a28e5350171e5e842e82a10309e829eabdf138a",
    "https://esm.sh/octokit@4.1.0/denonext/octokit.mjs": "0e522b2239c7f7d673022e81dd55b2dcb6ce42b905f1cfc82a5dfbbd2c24af28",
    "https://esm.sh/octokit@4.1.0?dts": "094de1c868d2aaa8be65d7135d3feeee8006a5e2d76683f5bfcc32243557cdfc",
    "https://esm.sh/toad-cache@3.7.0/denonext/toad-cache.mjs": "63b78525dcc99d8f736de244e46b306b2b5f6c72db75bf1d230230d46a06ab37",
    "https://esm.sh/toad-cache@3.7.0?target=denonext": "e17c2f2729b3268a6ecb412b975002ebaa66894c2e5e0a657a38d1176a1f02d4",
    "https://esm.sh/universal-github-app-jwt@2.2.0/denonext/universal-github-app-jwt.mjs": "c7cb04f796b43f163b1bcaf2b85c742d11ae724ae5ea82dbe517617c33bd0467",
    "https://esm.sh/universal-github-app-jwt@2.2.0?target=denonext": "75d402511284eb488f2f2c0f39cc5122ec91c3de1a18eebe1360f2935a0e577a",
    "https://esm.sh/universal-user-agent@7.0.2/denonext/universal-user-agent.mjs": "c5370728870841e1061776d12f5776929bb04945b0f8d5e4251207eab57d35ea",
    "https://esm.sh/universal-user-agent@7.0.2?target=denonext": "1c7589a3ed835be8bf13e6c78c7d507af65b7945b92edbf3ad25428e60e072f4"
  },
  "workspace": {
    "dependencies": [
      "jsr:@std/assert@~0.218.2"
    ]
  }
}
